# THIS IS AN AUTOGENERATED FILE. DO NOT EDIT THIS FILE DIRECTLY.
# yarn lockfile v1


babel-runtime@^6.23.0, babel-runtime@^6.26.0:
  version "6.26.0"
  resolved "https://registry.yarnpkg.com/babel-runtime/-/babel-runtime-6.26.0.tgz#965c7058668e82b55d7bfe04ff2337bc8b5647fe"
  dependencies:
    core-js "^2.4.0"
    regenerator-runtime "^0.11.0"

color-convert@^1.8.2:
  version "1.9.1"
  resolved "https://registry.yarnpkg.com/color-convert/-/color-convert-1.9.1.tgz#c1261107aeb2f294ebffec9ed9ecad529a6097ed"
  dependencies:
    color-name "^1.1.1"

color-name@^1.0.0, color-name@^1.1.1:
  version "1.1.3"
  resolved "https://registry.yarnpkg.com/color-name/-/color-name-1.1.3.tgz#a7d0558bd89c42f795dd42328f740831ca53bc25"

color-string@^1.4.0:
  version "1.5.2"
  resolved "https://registry.yarnpkg.com/color-string/-/color-string-1.5.2.tgz#26e45814bc3c9a7cbd6751648a41434514a773a9"
  dependencies:
    color-name "^1.0.0"
    simple-swizzle "^0.2.2"

color@^1.0.3:
  version "1.0.3"
  resolved "https://registry.yarnpkg.com/color/-/color-1.0.3.tgz#e48e832d85f14ef694fb468811c2d5cfe729b55d"
  dependencies:
    color-convert "^1.8.2"
    color-string "^1.4.0"

core-js@^2.4.0:
  version "2.5.3"
  resolved "https://registry.yarnpkg.com/core-js/-/core-js-2.5.3.tgz#8acc38345824f16d8365b7c9b4259168e8ed603e"

is-arrayish@^0.3.1:
  version "0.3.1"
  resolved "https://registry.yarnpkg.com/is-arrayish/-/is-arrayish-0.3.1.tgz#c2dfc386abaa0c3e33c48db3fe87059e69065efd"

minimist@0.0.8:
  version "0.0.8"
  resolved "https://registry.yarnpkg.com/minimist/-/minimist-0.0.8.tgz#857fcabfc3397d2625b8228262e86aa7a011b05d"

minimist@^1.2.0:
  version "1.2.0"
  resolved "https://registry.yarnpkg.com/minimist/-/minimist-1.2.0.tgz#a35008b20f41383eec1fb914f4cd5df79a264284"

mkdirp-promise@^5.0.1:
  version "5.0.1"
  resolved "https://registry.yarnpkg.com/mkdirp-promise/-/mkdirp-promise-5.0.1.tgz#e9b8f68e552c68a9c1713b84883f7a1dd039b8a1"
  dependencies:
    mkdirp "*"

mkdirp@*:
  version "0.5.1"
  resolved "https://registry.yarnpkg.com/mkdirp/-/mkdirp-0.5.1.tgz#30057438eac6cf7f8c4767f38648d6697d75c903"
  dependencies:
    minimist "0.0.8"

pn@^1.0.0:
  version "1.1.0"
  resolved "https://registry.yarnpkg.com/pn/-/pn-1.1.0.tgz#e2f4cef0e219f463c179ab37463e4e1ecdccbafb"

regenerator-runtime@^0.11.0:
  version "0.11.1"
  resolved "https://registry.yarnpkg.com/regenerator-runtime/-/regenerator-runtime-0.11.1.tgz#be05ad7f9bf7d22e056f9726cee5017fbf19e2e9"

rxjs@^5.3.0:
  version "5.5.6"
  resolved "https://registry.yarnpkg.com/rxjs/-/rxjs-5.5.6.tgz#e31fb96d6fd2ff1fd84bcea8ae9c02d007179c02"
  dependencies:
    symbol-observable "1.0.1"

simple-swizzle@^0.2.2:
  version "0.2.2"
  resolved "https://registry.yarnpkg.com/simple-swizzle/-/simple-swizzle-0.2.2.tgz#a4da6b635ffcccca33f70d17cb92592de95e557a"
  dependencies:
    is-arrayish "^0.3.1"

symbol-observable@1.0.1:
  version "1.0.1"
  resolved "https://registry.yarnpkg.com/symbol-observable/-/symbol-observable-1.0.1.tgz#8340fc4702c3122df5d22288f88283f513d3fdd4"

themer-colors-one@^1.0.4:
  version "1.0.4"
  resolved "https://registry.yarnpkg.com/themer-colors-one/-/themer-colors-one-1.0.4.tgz#bf9d98ec7d6db5be9ba8b8a500db26b3124dd880"

themer-gnome-terminal@agarrharr/themer-gnome-terminal:
  version "1.0.1"
  resolved "https://codeload.github.com/agarrharr/themer-gnome-terminal/tar.gz/e26e62657bb970f5b666dd6e2c1fc490cced8ad1"

themer-iterm@^1.0.4:
  version "1.0.4"
  resolved "https://registry.yarnpkg.com/themer-iterm/-/themer-iterm-1.0.4.tgz#08b71bd96b3fcef677128b6ece5d6f0feaa8b087"
  dependencies:
    color "^1.0.3"

themer-slack@^1.0.5:
  version "1.0.5"
  resolved "https://registry.yarnpkg.com/themer-slack/-/themer-slack-1.0.5.tgz#2fc5bd2afe013be4daf2bfd04e421afe521cd835"
  dependencies:
    babel-runtime "^6.23.0"

themer-terminal@^1.0.4:
  version "1.0.4"
  resolved "https://registry.yarnpkg.com/themer-terminal/-/themer-terminal-1.0.4.tgz#914a234d7102dcf149a1c2f9f79552c508b1c949"
  dependencies:
    babel-runtime "^6.23.0"
    pn "^1.0.0"

themer-vim-lightline@^2.0.5:
  version "2.0.5"
  resolved "https://registry.yarnpkg.com/themer-vim-lightline/-/themer-vim-lightline-2.0.5.tgz#0fc526a3257ca2ac7f3d7ea7959062bed1b2c0df"

themer-vim@^2.2.7:
  version "2.2.7"
  resolved "https://registry.yarnpkg.com/themer-vim/-/themer-vim-2.2.7.tgz#3d30cc502347168f469df48c74c14997f72bb8ca"

themer-vscode@^1.0.5:
  version "1.0.5"
  resolved "https://registry.yarnpkg.com/themer-vscode/-/themer-vscode-1.0.5.tgz#c58c5e74c6798c0fc2183d3b7413d6f2153d25b1"
  dependencies:
    babel-runtime "^6.26.0"

themer-wallpaper-block-wave@^2.0.1:
  version "2.0.1"
  resolved "https://registry.yarnpkg.com/themer-wallpaper-block-wave/-/themer-wallpaper-block-wave-2.0.1.tgz#c348ddae8bcd2a118a2f296cf2bbc50a083bf732"

themer@^2.2.3:
  version "2.2.3"
  resolved "https://registry.yarnpkg.com/themer/-/themer-2.2.3.tgz#a646a2cc19934e8a8b3e12d48d091361e26e041e"
  dependencies:
    minimist "^1.2.0"
    mkdirp-promise "^5.0.1"
    pn "^1.0.0"
    rxjs "^5.3.0"
